Microsoft Visual Studio Solution File, Format Version 12.00
# Visual Studio 2012
Project("{FAE04EC0-301F-11D3-BF4B-00C04F79EFBC}") = "Display Manager Plugin", "Display Manager Plugin.csproj", "{1DD0C06D-04E2-49B8-B613-75C946E3AB86}"
EndProject
Global
	GlobalSection(SolutionConfigurationPlatforms) = preSolution
	Debug|Any CPU = Debug|Any CPU
	ExportDebug|Any CPU = ExportDebug|Any CPU
	ExportRelease|Any CPU = ExportRelease|Any CPU
	EndGlobalSection
	GlobalSection(ProjectConfigurationPlatforms) = postSolution
		{1DD0C06D-04E2-49B8-B613-75C946E3AB86}.Debug|Any CPU.ActiveCfg = Debug|Any CPU
		{1DD0C06D-04E2-49B8-B613-75C946E3AB86}.Debug|Any CPU.Build.0 = Debug|Any CPU
		{1DD0C06D-04E2-49B8-B613-75C946E3AB86}.ExportDebug|Any CPU.ActiveCfg = ExportDebug|Any CPU
		{1DD0C06D-04E2-49B8-B613-75C946E3AB86}.ExportDebug|Any CPU.Build.0 = ExportDebug|Any CPU
		{1DD0C06D-04E2-49B8-B613-75C946E3AB86}.ExportRelease|Any CPU.ActiveCfg = ExportRelease|Any CPU
		{1DD0C06D-04E2-49B8-B613-75C946E3AB86}.ExportRelease|Any CPU.Build.0 = ExportRelease|Any CPU
	EndGlobalSection
EndGlobal
